
Microsoft Visual Studio Solution File, Format Version 12.00
# Visual Studio Version 16
VisualStudioVersion = 16.0.29326.143
MinimumVisualStudioVersion = 10.0.40219.1
Project("{9A19103F-16F7-4668-BE54-9A1E7A4F7556}") = "BlazorSample.Client", "Client\BlazorSample.Client.csproj", "{C389248E-60C8-4967-A4E3-CE71CF583DAE}"
EndProject
Project("{9A19103F-16F7-4668-BE54-9A1E7A4F7556}") = "BlazorSample.Server", "Server\BlazorSample.Server.csproj", "{AEF54440-C1F5-41F4-AC8E-6CA3212E70F0}"
EndProject
Project("{9A19103F-16F7-4668-BE54-9A1E7A4F7556}") = "BlazorSample.Shared", "Shared\BlazorSample.Shared.csproj", "{FA8D2D47-95C3-4454-B560-C3DD0F9FAA7A}"
EndProject
Global
	GlobalSection(SolutionConfigurationPlatforms) = preSolution
		Debug|Any CPU = Debug|Any CPU
		Release|Any CPU = Release|Any CPU
	EndGlobalSection
	GlobalSection(ProjectConfigurationPlatforms) = postSolution
		{C389248E-60C8-4967-A4E3-CE71CF583DAE}.Debug|Any CPU.ActiveCfg = Debug|Any CPU
		{C389248E-60C8-4967-A4E3-CE71CF583DAE}.Debug|Any CPU.Build.0 = Debug|Any CPU
		{C389248E-60C8-4967-A4E3-CE71CF583DAE}.Release|Any CPU.ActiveCfg = Release|Any CPU
		{C389248E-60C8-4967-A4E3-CE71CF583DAE}.Release|Any CPU.Build.0 = Release|Any CPU
		{AEF54440-C1F5-41F4-AC8E-6CA3212E70F0}.Debug|Any CPU.ActiveCfg = Debug|Any CPU
		{AEF54440-C1F5-41F4-AC8E-6CA3212E70F0}.Debug|Any CPU.Build.0 = Debug|Any CPU
		{AEF54440-C1F5-41F4-AC8E-6CA3212E70F0}.Release|Any CPU.ActiveCfg = Release|Any CPU
		{AEF54440-C1F5-41F4-AC8E-6CA3212E70F0}.Release|Any CPU.Build.0 = Release|Any CPU
		{FA8D2D47-95C3-4454-B560-C3DD0F9FAA7A}.Debug|Any CPU.ActiveCfg = Debug|Any CPU
		{FA8D2D47-95C3-4454-B560-C3DD0F9FAA7A}.Debug|Any CPU.Build.0 = Debug|Any CPU
		{FA8D2D47-95C3-4454-B560-C3DD0F9FAA7A}.Release|Any CPU.ActiveCfg = Release|Any CPU
		{FA8D2D47-95C3-4454-B560-C3DD0F9FAA7A}.Release|Any CPU.Build.0 = Release|Any CPU
	EndGlobalSection
	GlobalSection(SolutionProperties) = preSolution
		HideSolutionNode = FALSE
	EndGlobalSection
	GlobalSection(ExtensibilityGlobals) = postSolution
		SolutionGuid = {690759D7-19AC-44DC-ADFC-2DE86F7F13E2}
	EndGlobalSection
EndGlobal
