
Microsoft Visual Studio Solution File, Format Version 12.00
# Visual Studio Version 16
VisualStudioVersion = 16.0.29411.108
MinimumVisualStudioVersion = 10.0.40219.1
Project("{FAE04EC0-301F-11D3-BF4B-00C04F79EFBC}") = "com.caimomo.hudan.Server", "com.caimomo.hudan\Server\com.caimomo.hudan.Server.csproj", "{FBC82B26-EABC-4F5D-BFE6-CD107314A63C}"
EndProject
Project("{FAE04EC0-301F-11D3-BF4B-00C04F79EFBC}") = "com.caimomo.hudan.Client", "com.caimomo.hudan\Client\com.caimomo.hudan.Client.csproj", "{C0CEE7BF-42A7-4FAB-9207-D3032A3FD2ED}"
EndProject
Project("{FAE04EC0-301F-11D3-BF4B-00C04F79EFBC}") = "com.caimomo.hudan.Shared", "com.caimomo.hudan\Shared\com.caimomo.hudan.Shared.csproj", "{4D4680BB-45E8-4960-AB95-8DD3E27E1ABC}"
EndProject
Global
	GlobalSection(SolutionConfigurationPlatforms) = preSolution
		Debug|Any CPU = Debug|Any CPU
		Release|Any CPU = Release|Any CPU
	EndGlobalSection
	GlobalSection(ProjectConfigurationPlatforms) = postSolution
		{FBC82B26-EABC-4F5D-BFE6-CD107314A63C}.Debug|Any CPU.ActiveCfg = Debug|Any CPU
		{FBC82B26-EABC-4F5D-BFE6-CD107314A63C}.Debug|Any CPU.Build.0 = Debug|Any CPU
		{FBC82B26-EABC-4F5D-BFE6-CD107314A63C}.Release|Any CPU.ActiveCfg = Release|Any CPU
		{FBC82B26-EABC-4F5D-BFE6-CD107314A63C}.Release|Any CPU.Build.0 = Release|Any CPU
		{C0CEE7BF-42A7-4FAB-9207-D3032A3FD2ED}.Debug|Any CPU.ActiveCfg = Debug|Any CPU
		{C0CEE7BF-42A7-4FAB-9207-D3032A3FD2ED}.Debug|Any CPU.Build.0 = Debug|Any CPU
		{C0CEE7BF-42A7-4FAB-9207-D3032A3FD2ED}.Release|Any CPU.ActiveCfg = Release|Any CPU
		{C0CEE7BF-42A7-4FAB-9207-D3032A3FD2ED}.Release|Any CPU.Build.0 = Release|Any CPU
		{4D4680BB-45E8-4960-AB95-8DD3E27E1ABC}.Debug|Any CPU.ActiveCfg = Debug|Any CPU
		{4D4680BB-45E8-4960-AB95-8DD3E27E1ABC}.Debug|Any CPU.Build.0 = Debug|Any CPU
		{4D4680BB-45E8-4960-AB95-8DD3E27E1ABC}.Release|Any CPU.ActiveCfg = Release|Any CPU
		{4D4680BB-45E8-4960-AB95-8DD3E27E1ABC}.Release|Any CPU.Build.0 = Release|Any CPU
	EndGlobalSection
	GlobalSection(SolutionProperties) = preSolution
		HideSolutionNode = FALSE
	EndGlobalSection
	GlobalSection(ExtensibilityGlobals) = postSolution
		SolutionGuid = {8818C168-287A-4F37-813B-AE65CAF0EF1F}
	EndGlobalSection
EndGlobal
