
Microsoft Visual Studio Solution File, Format Version 12.00
# Visual Studio Version 16
VisualStudioVersion = 16.0.29411.108
MinimumVisualStudioVersion = 10.0.40219.1
Project("{FAE04EC0-301F-11D3-BF4B-00C04F79EFBC}") = "com.Caimomo.Huadan.Server", "com.Caimomo.Huadan\Server\com.Caimomo.Huadan.Server.csproj", "{7347AB7C-63E2-496D-9645-DCC5F1EA0E5B}"
EndProject
Project("{FAE04EC0-301F-11D3-BF4B-00C04F79EFBC}") = "com.Caimomo.Huadan.Client", "com.Caimomo.Huadan\Client\com.Caimomo.Huadan.Client.csproj", "{03EC8E31-D992-4C62-806E-0A3AD0D4FF6C}"
EndProject
Project("{FAE04EC0-301F-11D3-BF4B-00C04F79EFBC}") = "com.Caimomo.Huadan.Shared", "com.Caimomo.Huadan\Shared\com.Caimomo.Huadan.Shared.csproj", "{AEDA71E9-C1D4-4DEF-8D05-B12E3374F099}"
EndProject
Global
	GlobalSection(SolutionConfigurationPlatforms) = preSolution
		Debug|Any CPU = Debug|Any CPU
		Release|Any CPU = Release|Any CPU
	EndGlobalSection
	GlobalSection(ProjectConfigurationPlatforms) = postSolution
		{7347AB7C-63E2-496D-9645-DCC5F1EA0E5B}.Debug|Any CPU.ActiveCfg = Debug|Any CPU
		{7347AB7C-63E2-496D-9645-DCC5F1EA0E5B}.Debug|Any CPU.Build.0 = Debug|Any CPU
		{7347AB7C-63E2-496D-9645-DCC5F1EA0E5B}.Release|Any CPU.ActiveCfg = Release|Any CPU
		{7347AB7C-63E2-496D-9645-DCC5F1EA0E5B}.Release|Any CPU.Build.0 = Release|Any CPU
		{03EC8E31-D992-4C62-806E-0A3AD0D4FF6C}.Debug|Any CPU.ActiveCfg = Debug|Any CPU
		{03EC8E31-D992-4C62-806E-0A3AD0D4FF6C}.Debug|Any CPU.Build.0 = Debug|Any CPU
		{03EC8E31-D992-4C62-806E-0A3AD0D4FF6C}.Release|Any CPU.ActiveCfg = Release|Any CPU
		{03EC8E31-D992-4C62-806E-0A3AD0D4FF6C}.Release|Any CPU.Build.0 = Release|Any CPU
		{AEDA71E9-C1D4-4DEF-8D05-B12E3374F099}.Debug|Any CPU.ActiveCfg = Debug|Any CPU
		{AEDA71E9-C1D4-4DEF-8D05-B12E3374F099}.Debug|Any CPU.Build.0 = Debug|Any CPU
		{AEDA71E9-C1D4-4DEF-8D05-B12E3374F099}.Release|Any CPU.ActiveCfg = Release|Any CPU
		{AEDA71E9-C1D4-4DEF-8D05-B12E3374F099}.Release|Any CPU.Build.0 = Release|Any CPU
	EndGlobalSection
	GlobalSection(SolutionProperties) = preSolution
		HideSolutionNode = FALSE
	EndGlobalSection
	GlobalSection(ExtensibilityGlobals) = postSolution
		SolutionGuid = {CC33D282-5E1F-4511-92FE-CE0204990917}
	EndGlobalSection
EndGlobal
